<?xml version="1.0" encoding="utf-8"?>
<Project ToolsVersion="4.0" xmlns="http://schemas.microsoft.com/developer/msbuild/2003">
  <ItemGroup>
    <FxCompile Include="SimpleVertexShader.hlsl" />
    <FxCompile Include="ToScreenPixelShader.hlsl" />
    <FxCompile Include="CostVolumePixelShader.hlsl">
      <Filter>Renderers\Cost Volume Renderer</Filter>
    </FxCompile>
    <FxCompile Include="CostVolumeVertexShader.hlsl">
      <Filter>Renderers\Cost Volume Renderer</Filter>
    </FxCompile>
    <FxCompile Include="BoxFilterVertexShader.hlsl">
      <Filter>Renderers\Box Filter</Filter>
    </FxCompile>
    <FxCompile Include="BoxFilterPixelShaderW.hlsl">
      <Filter>Renderers\Box Filter</Filter>
    </FxCompile>
    <FxCompile Include="BoxFIlterPixelShaderH.hlsl">
      <Filter>Renderers\Box Filter</Filter>
    </FxCompile>
    <FxCompile Include="MeanImageVertexShader.hlsl">
      <Filter>Renderers\Mean Images Renderer</Filter>
    </FxCompile>
    <FxCompile Include="MeanCostVolumePixelShaderH.hlsl">
      <Filter>Renderers\Mean Images Renderer</Filter>
    </FxCompile>
    <FxCompile Include="MeanCostVolumePixelShaderW.hlsl">
      <Filter>Renderers\Mean Images Renderer</Filter>
    </FxCompile>
    <FxCompile Include="MultiplyColorAndGrayPixelShader.hlsl">
      <Filter>Renderers\Common Renderers</Filter>
    </FxCompile>
  </ItemGroup>
  <ItemGroup>
    <ClCompile Include="CubeRenderer.cpp" />
    <ClCompile Include="CostVolumeRenderer.cpp">
      <Filter>Renderers\Cost Volume Renderer</Filter>
    </ClCompile>
    <ClCompile Include="AbstractProcessingStage.cpp" />
    <ClCompile Include="DDSTextureLoader.cpp">
      <Filter>Interop models</Filter>
    </ClCompile>
    <ClCompile Include="Direct3DBase.cpp">
      <Filter>Interop models</Filter>
    </ClCompile>
    <ClCompile Include="Direct3DContentProvider.cpp">
      <Filter>Interop models</Filter>
    </ClCompile>
    <ClCompile Include="Direct3DInterop.cpp">
      <Filter>Interop models</Filter>
    </ClCompile>
    <ClCompile Include="pch.cpp">
      <Filter>Headers</Filter>
    </ClCompile>
    <ClCompile Include="MeanImagesRenderer.cpp">
      <Filter>Renderers\Mean Images Renderer</Filter>
    </ClCompile>
    <ClCompile Include="TextureCache.cpp" />
  </ItemGroup>
  <ItemGroup>
    <ClInclude Include="CubeRenderer.h" />
    <ClInclude Include="CostVolumeRenderer.h">
      <Filter>Renderers\Cost Volume Renderer</Filter>
    </ClInclude>
    <ClInclude Include="AbstractProcessingStage.h" />
    <ClInclude Include="BasicTimer.h">
      <Filter>Interop models</Filter>
    </ClInclude>
    <ClInclude Include="DDSTextureLoader.h">
      <Filter>Interop models</Filter>
    </ClInclude>
    <ClInclude Include="Direct3DBase.h">
      <Filter>Interop models</Filter>
    </ClInclude>
    <ClInclude Include="Direct3DContentProvider.h">
      <Filter>Interop models</Filter>
    </ClInclude>
    <ClInclude Include="Direct3DInterop.h">
      <Filter>Interop models</Filter>
    </ClInclude>
    <ClInclude Include="pch.h">
      <Filter>Headers</Filter>
    </ClInclude>
    <ClInclude Include="dds.h">
      <Filter>Interop models</Filter>
    </ClInclude>
    <ClInclude Include="Config.h">
      <Filter>Headers</Filter>
    </ClInclude>
    <ClInclude Include="PlatformHelpers.h">
      <Filter>Interop models</Filter>
    </ClInclude>
    <ClInclude Include="MeanImagesRenderer.h">
      <Filter>Renderers\Mean Images Renderer</Filter>
    </ClInclude>
    <ClInclude Include="TextureCache.h" />
  </ItemGroup>
  <ItemGroup>
    <Filter Include="Headers">
      <UniqueIdentifier>{d7e2c423-7840-41e0-972d-50b835a30004}</UniqueIdentifier>
    </Filter>
    <Filter Include="Interop models">
      <UniqueIdentifier>{afaf175d-5611-4493-83a1-a9dfccd532a8}</UniqueIdentifier>
    </Filter>
    <Filter Include="Renderers">
      <UniqueIdentifier>{20d6b090-2f3a-48e6-b444-5273cce018de}</UniqueIdentifier>
    </Filter>
    <Filter Include="Renderers\Cost Volume Renderer">
      <UniqueIdentifier>{8422b715-8bac-4af9-a41b-28d38590e50d}</UniqueIdentifier>
    </Filter>
    <Filter Include="Renderers\Box Filter">
      <UniqueIdentifier>{768a0eae-3560-4562-8d04-01a0f4a774ce}</UniqueIdentifier>
    </Filter>
    <Filter Include="Renderers\Mean Images Renderer">
      <UniqueIdentifier>{c8a8febb-f613-4414-8433-96c2aa266033}</UniqueIdentifier>
    </Filter>
    <Filter Include="Renderers\Common Renderers">
      <UniqueIdentifier>{c8ae7d64-a5a6-45b8-b948-bb14e12662e4}</UniqueIdentifier>
    </Filter>
  </ItemGroup>
</Project>