<?xml version="1.0" encoding="utf-8"?>
<Project ToolsVersion="4.0" xmlns="http://schemas.microsoft.com/developer/msbuild/2003">
  <ItemGroup>
    <FxCompile Include="SimpleVertexShader.hlsl" />
    <FxCompile Include="ToScreenPixelShader.hlsl" />
    <FxCompile Include="CostVolumePixelShader.hlsl">
      <Filter>Cost Volume Renderer</Filter>
    </FxCompile>
    <FxCompile Include="CostVolumeVertexShader.hlsl">
      <Filter>Cost Volume Renderer</Filter>
    </FxCompile>
    <FxCompile Include="BoxFilterVertexShader.hlsl">
      <Filter>Box Filter</Filter>
    </FxCompile>
    <FxCompile Include="BoxFilterPixelShaderW.hlsl">
      <Filter>Box Filter</Filter>
    </FxCompile>
    <FxCompile Include="BoxFIlterPixelShaderH.hlsl">
      <Filter>Box Filter</Filter>
    </FxCompile>
  </ItemGroup>
  <ItemGroup>
    <ClCompile Include="Direct3DInterop.cpp" />
    <ClCompile Include="CubeRenderer.cpp" />
    <ClCompile Include="Direct3DBase.cpp" />
    <ClCompile Include="Direct3DContentProvider.cpp" />
    <ClCompile Include="pch.cpp" />
    <ClCompile Include="DDSTextureLoader.cpp" />
    <ClCompile Include="CostVolumeRenderer.cpp">
      <Filter>Cost Volume Renderer</Filter>
    </ClCompile>
  </ItemGroup>
  <ItemGroup>
    <ClInclude Include="BasicTimer.h" />
    <ClInclude Include="Direct3DInterop.h" />
    <ClInclude Include="CubeRenderer.h" />
    <ClInclude Include="Direct3DBase.h" />
    <ClInclude Include="Direct3DContentProvider.h" />
    <ClInclude Include="pch.h" />
    <ClInclude Include="DDSTextureLoader.h" />
    <ClInclude Include="dds.h" />
    <ClInclude Include="PlatformHelpers.h" />
    <ClInclude Include="CostVolumeRenderer.h">
      <Filter>Cost Volume Renderer</Filter>
    </ClInclude>
    <ClInclude Include="Config.h" />
  </ItemGroup>
  <ItemGroup>
    <Filter Include="Headers">
      <UniqueIdentifier>{d7e2c423-7840-41e0-972d-50b835a30004}</UniqueIdentifier>
    </Filter>
    <Filter Include="Cost Volume Renderer">
      <UniqueIdentifier>{8422b715-8bac-4af9-a41b-28d38590e50d}</UniqueIdentifier>
    </Filter>
    <Filter Include="Cost Volume Filtering">
      <UniqueIdentifier>{21390865-6885-432c-b079-5d3f51e24fff}</UniqueIdentifier>
    </Filter>
    <Filter Include="Box Filter">
      <UniqueIdentifier>{768a0eae-3560-4562-8d04-01a0f4a774ce}</UniqueIdentifier>
    </Filter>
  </ItemGroup>
</Project>