<?xml version="1.0" encoding="utf-8"?>
<Project ToolsVersion="4.0" xmlns="http://schemas.microsoft.com/developer/msbuild/2003">
  <ItemGroup>
    <FxCompile Include="CostVolumePixelShader.hlsl">
      <Filter>Renderers\Cost Volume Renderer</Filter>
    </FxCompile>
    <FxCompile Include="CostVolumeVertexShader.hlsl">
      <Filter>Renderers\Cost Volume Renderer</Filter>
    </FxCompile>
    <FxCompile Include="BoxFilterVertexShader.hlsl">
      <Filter>Renderers\Box Filter</Filter>
    </FxCompile>
    <FxCompile Include="BoxFilterPixelShaderW.hlsl">
      <Filter>Renderers\Box Filter</Filter>
    </FxCompile>
    <FxCompile Include="BoxFIlterPixelShaderH.hlsl">
      <Filter>Renderers\Box Filter</Filter>
    </FxCompile>
    <FxCompile Include="MeanImageVertexShader.hlsl">
      <Filter>Renderers\Image Statistic Renderer</Filter>
    </FxCompile>
    <FxCompile Include="ToScreenPixelShader.hlsl">
      <Filter>Renderers\To Screen</Filter>
    </FxCompile>
    <FxCompile Include="SimpleVertexShader.hlsl">
      <Filter>Renderers\To Screen</Filter>
    </FxCompile>
    <FxCompile Include="MixChannels_PixelShader.hlsl">
      <Filter>Renderers\Common Renderers</Filter>
    </FxCompile>
    <FxCompile Include="Covariance_PixelShader.hlsl">
      <Filter>Renderers\Image Statistic Renderer</Filter>
    </FxCompile>
    <FxCompile Include="Variance_PixelShader.hlsl">
      <Filter>Renderers\Image Statistic Renderer</Filter>
    </FxCompile>
    <FxCompile Include="Mean_PixelShaderH.hlsl">
      <Filter>Renderers\Image Statistic Renderer</Filter>
    </FxCompile>
    <FxCompile Include="Mean_PixelShaderW.hlsl">
      <Filter>Renderers\Image Statistic Renderer</Filter>
    </FxCompile>
    <FxCompile Include="MultiplyWages_PixelShader.hlsl">
      <Filter>Renderers\Common Renderers</Filter>
    </FxCompile>
    <FxCompile Include="A_PixelShader.hlsl">
      <Filter>Renderers\Image Statistic Renderer</Filter>
    </FxCompile>
    <FxCompile Include="B_PixelShader.hlsl">
      <Filter>Renderers\Image Statistic Renderer</Filter>
    </FxCompile>
    <FxCompile Include="Q_PixelShader.hlsl">
      <Filter>Renderers\Image Statistic Renderer</Filter>
    </FxCompile>
  </ItemGroup>
  <ItemGroup>
    <ClCompile Include="CostVolumeRenderer.cpp">
      <Filter>Renderers\Cost Volume Renderer</Filter>
    </ClCompile>
    <ClCompile Include="DDSTextureLoader.cpp">
      <Filter>Interop models</Filter>
    </ClCompile>
    <ClCompile Include="Direct3DBase.cpp">
      <Filter>Interop models</Filter>
    </ClCompile>
    <ClCompile Include="Direct3DContentProvider.cpp">
      <Filter>Interop models</Filter>
    </ClCompile>
    <ClCompile Include="Direct3DInterop.cpp">
      <Filter>Interop models</Filter>
    </ClCompile>
    <ClCompile Include="pch.cpp">
      <Filter>Headers</Filter>
    </ClCompile>
    <ClCompile Include="MeanImagesRenderer.cpp">
      <Filter>Renderers\Image Statistic Renderer</Filter>
    </ClCompile>
    <ClCompile Include="CubeRenderer.cpp">
      <Filter>Renderers\To Screen</Filter>
    </ClCompile>
    <ClCompile Include="TextureCache.cpp">
      <Filter>Helpers</Filter>
    </ClCompile>
    <ClCompile Include="AbstractProcessingStage.cpp">
      <Filter>Helpers</Filter>
    </ClCompile>
    <ClCompile Include="Variance.cpp">
      <Filter>Renderers\Variance</Filter>
    </ClCompile>
    <ClCompile Include="ShadersLoader.cpp">
      <Filter>Helpers</Filter>
    </ClCompile>
  </ItemGroup>
  <ItemGroup>
    <ClInclude Include="CostVolumeRenderer.h">
      <Filter>Renderers\Cost Volume Renderer</Filter>
    </ClInclude>
    <ClInclude Include="BasicTimer.h">
      <Filter>Interop models</Filter>
    </ClInclude>
    <ClInclude Include="DDSTextureLoader.h">
      <Filter>Interop models</Filter>
    </ClInclude>
    <ClInclude Include="Direct3DBase.h">
      <Filter>Interop models</Filter>
    </ClInclude>
    <ClInclude Include="Direct3DContentProvider.h">
      <Filter>Interop models</Filter>
    </ClInclude>
    <ClInclude Include="Direct3DInterop.h">
      <Filter>Interop models</Filter>
    </ClInclude>
    <ClInclude Include="pch.h">
      <Filter>Headers</Filter>
    </ClInclude>
    <ClInclude Include="dds.h">
      <Filter>Interop models</Filter>
    </ClInclude>
    <ClInclude Include="Config.h">
      <Filter>Headers</Filter>
    </ClInclude>
    <ClInclude Include="PlatformHelpers.h">
      <Filter>Interop models</Filter>
    </ClInclude>
    <ClInclude Include="MeanImagesRenderer.h">
      <Filter>Renderers\Image Statistic Renderer</Filter>
    </ClInclude>
    <ClInclude Include="CubeRenderer.h">
      <Filter>Renderers\To Screen</Filter>
    </ClInclude>
    <ClInclude Include="TextureCache.h">
      <Filter>Helpers</Filter>
    </ClInclude>
    <ClInclude Include="AbstractProcessingStage.h">
      <Filter>Helpers</Filter>
    </ClInclude>
    <ClInclude Include="Variance.h">
      <Filter>Renderers\Variance</Filter>
    </ClInclude>
    <ClInclude Include="ShadersLoader.h">
      <Filter>Helpers</Filter>
    </ClInclude>
  </ItemGroup>
  <ItemGroup>
    <Filter Include="Headers">
      <UniqueIdentifier>{d7e2c423-7840-41e0-972d-50b835a30004}</UniqueIdentifier>
    </Filter>
    <Filter Include="Interop models">
      <UniqueIdentifier>{afaf175d-5611-4493-83a1-a9dfccd532a8}</UniqueIdentifier>
    </Filter>
    <Filter Include="Renderers">
      <UniqueIdentifier>{20d6b090-2f3a-48e6-b444-5273cce018de}</UniqueIdentifier>
    </Filter>
    <Filter Include="Renderers\Cost Volume Renderer">
      <UniqueIdentifier>{8422b715-8bac-4af9-a41b-28d38590e50d}</UniqueIdentifier>
    </Filter>
    <Filter Include="Renderers\Box Filter">
      <UniqueIdentifier>{768a0eae-3560-4562-8d04-01a0f4a774ce}</UniqueIdentifier>
    </Filter>
    <Filter Include="Renderers\Common Renderers">
      <UniqueIdentifier>{c8ae7d64-a5a6-45b8-b948-bb14e12662e4}</UniqueIdentifier>
    </Filter>
    <Filter Include="Renderers\To Screen">
      <UniqueIdentifier>{d50a6385-3d82-46cf-b5f7-346a94a83ce2}</UniqueIdentifier>
    </Filter>
    <Filter Include="Helpers">
      <UniqueIdentifier>{57bdbc9f-dc13-46dd-83a3-4e6c17b24010}</UniqueIdentifier>
    </Filter>
    <Filter Include="Renderers\Variance">
      <UniqueIdentifier>{abacd2a3-fc54-41ee-ad30-74ed65a2ebe6}</UniqueIdentifier>
    </Filter>
    <Filter Include="Renderers\Image Statistic Renderer">
      <UniqueIdentifier>{c8a8febb-f613-4414-8433-96c2aa266033}</UniqueIdentifier>
    </Filter>
  </ItemGroup>
</Project>